// !$*UTF8*$!
{
	archiveVersion = 1;
	classes = {
	};
	objectVersion = 56;
	objects = {

/* Begin PBXBuildFile section */
		8B9CC88728D7510E00008792 /* InventoryListViewModel.swift in Sources */ = {isa = PBXBuildFile; fileRef = 8B9CC88628D7510E00008792 /* InventoryListViewModel.swift */; };
		8B9CC88928D7512600008792 /* SortType.swift in Sources */ = {isa = PBXBuildFile; fileRef = 8B9CC88828D7512600008792 /* SortType.swift */; };
		8BD9C0A428D70A2E0029EED1 /* Inventory_SwiftUIApp.swift in Sources */ = {isa = PBXBuildFile; fileRef = 8BD9C0A328D70A2E0029EED1 /* Inventory_SwiftUIApp.swift */; };
		8BD9C0A628D70A2E0029EED1 /* ContentView.swift in Sources */ = {isa = PBXBuildFile; fileRef = 8BD9C0A528D70A2E0029EED1 /* ContentView.swift */; };
		8BD9C0A828D70A360029EED1 /* Assets.xcassets in Resources */ = {isa = PBXBuildFile; fileRef = 8BD9C0A728D70A360029EED1 /* Assets.xcassets */; };
		8BD9C0AB28D70A360029EED1 /* Preview Assets.xcassets in Resources */ = {isa = PBXBuildFile; fileRef = 8BD9C0AA28D70A360029EED1 /* Preview Assets.xcassets */; };
		8BD9C0B228D719960029EED1 /* GoogleService-Info.plist in Resources */ = {isa = PBXBuildFile; fileRef = 8BD9C0B128D719960029EED1 /* GoogleService-Info.plist */; };
		8BD9C0B528D71B8C0029EED1 /* FirebaseFirestore in Frameworks */ = {isa = PBXBuildFile; productRef = 8BD9C0B428D71B8C0029EED1 /* FirebaseFirestore */; };
		8BD9C0B728D71B8C0029EED1 /* FirebaseFirestoreSwift in Frameworks */ = {isa = PBXBuildFile; productRef = 8BD9C0B628D71B8C0029EED1 /* FirebaseFirestoreSwift */; };
		8BD9C0BC28D734030029EED1 /* InventoryItem.swift in Sources */ = {isa = PBXBuildFile; fileRef = 8BD9C0BB28D734030029EED1 /* InventoryItem.swift */; };
/* End PBXBuildFile section */

/* Begin PBXFileReference section */
		8B9CC88628D7510E00008792 /* InventoryListViewModel.swift */ = {isa = PBXFileReference; lastKnownFileType = sourcecode.swift; path = InventoryListViewModel.swift; sourceTree = "<group>"; };
		8B9CC88828D7512600008792 /* SortType.swift */ = {isa = PBXFileReference; lastKnownFileType = sourcecode.swift; path = SortType.swift; sourceTree = "<group>"; };
		8BD9C0A028D70A2E0029EED1 /* Inventory-SwiftUI.app */ = {isa = PBXFileReference; explicitFileType = wrapper.application; includeInIndex = 0; path = "Inventory-SwiftUI.app"; sourceTree = BUILT_PRODUCTS_DIR; };
		8BD9C0A328D70A2E0029EED1 /* Inventory_SwiftUIApp.swift */ = {isa = PBXFileReference; lastKnownFileType = sourcecode.swift; path = Inventory_SwiftUIApp.swift; sourceTree = "<group>"; };
		8BD9C0A528D70A2E0029EED1 /* ContentView.swift */ = {isa = PBXFileReference; lastKnownFileType = sourcecode.swift; path = ContentView.swift; sourceTree = "<group>"; };
		8BD9C0A728D70A360029EED1 /* Assets.xcassets */ = {isa = PBXFileReference; lastKnownFileType = folder.assetcatalog; path = Assets.xcassets; sourceTree = "<group>"; };
		8BD9C0AA28D70A360029EED1 /* Preview Assets.xcassets */ = {isa = PBXFileReference; lastKnownFileType = folder.assetcatalog; path = "Preview Assets.xcassets"; sourceTree = "<group>"; };
		8BD9C0B128D719960029EED1 /* GoogleService-Info.plist */ = {isa = PBXFileReference; fileEncoding = 4; lastKnownFileType = text.plist.xml; path = "GoogleService-Info.plist"; sourceTree = "<group>"; };
		8BD9C0B828D72D3A0029EED1 /* Info.plist */ = {isa = PBXFileReference; lastKnownFileType = text.plist; path = Info.plist; sourceTree = "<group>"; };
		8BD9C0BB28D734030029EED1 /* InventoryItem.swift */ = {isa = PBXFileReference; lastKnownFileType = sourcecode.swift; path = InventoryItem.swift; sourceTree = "<group>"; };
/* End PBXFileReference section */

/* Begin PBXFrameworksBuildPhase section */
		8BD9C09D28D70A2E0029EED1 /* Frameworks */ = {
			isa = PBXFrameworksBuildPhase;
			buildActionMask = 2147483647;
			files = (
				8BD9C0B528D71B8C0029EED1 /* FirebaseFirestore in Frameworks */,
				8BD9C0B728D71B8C0029EED1 /* FirebaseFirestoreSwift in Frameworks */,
			);
			runOnlyForDeploymentPostprocessing = 0;
		};
/* End PBXFrameworksBuildPhase section */

/* Begin PBXGroup section */
		8BD9C09728D70A2E0029EED1 = {
			isa = PBXGroup;
			children = (
				8BD9C0A228D70A2E0029EED1 /* Inventory-SwiftUI */,
				8BD9C0A128D70A2E0029EED1 /* Products */,
			);
			sourceTree = "<group>";
		};
		8BD9C0A128D70A2E0029EED1 /* Products */ = {
			isa = PBXGroup;
			children = (
				8BD9C0A028D70A2E0029EED1 /* Inventory-SwiftUI.app */,
			);
			name = Products;
			sourceTree = "<group>";
		};
		8BD9C0A228D70A2E0029EED1 /* Inventory-SwiftUI */ = {
			isa = PBXGroup;
			children = (
				8BD9C0B828D72D3A0029EED1 /* Info.plist */,
				8BD9C0B128D719960029EED1 /* GoogleService-Info.plist */,
				8BD9C0A328D70A2E0029EED1 /* Inventory_SwiftUIApp.swift */,
				8BD9C0A528D70A2E0029EED1 /* ContentView.swift */,
				8BD9C0A728D70A360029EED1 /* Assets.xcassets */,
				8BD9C0A928D70A360029EED1 /* Preview Content */,
				8BD9C0BB28D734030029EED1 /* InventoryItem.swift */,
				8B9CC88628D7510E00008792 /* InventoryListViewModel.swift */,
				8B9CC88828D7512600008792 /* SortType.swift */,
			);
			path = "Inventory-SwiftUI";
			sourceTree = "<group>";
		};
		8BD9C0A928D70A360029EED1 /* Preview Content */ = {
			isa = PBXGroup;
			children = (
				8BD9C0AA28D70A360029EED1 /* Preview Assets.xcassets */,
			);
			path = "Preview Content";
			sourceTree = "<group>";
		};
/* End PBXGroup section */

/* Begin PBXNativeTarget section */
		8BD9C09F28D70A2E0029EED1 /* Inventory-SwiftUI */ = {
			isa = PBXNativeTarget;
			buildConfigurationList = 8BD9C0AE28D70A360029EED1 /* Build configuration list for PBXNativeTarget "Inventory-SwiftUI" */;
			buildPhases = (
				8BD9C09C28D70A2E0029EED1 /* Sources */,
				8BD9C09D28D70A2E0029EED1 /* Frameworks */,
				8BD9C09E28D70A2E0029EED1 /* Resources */,
			);
			buildRules = (
			);
			dependencies = (
			);
			name = "Inventory-SwiftUI";
			packageProductDependencies = (
				8BD9C0B428D71B8C0029EED1 /* FirebaseFirestore */,
				8BD9C0B628D71B8C0029EED1 /* FirebaseFirestoreSwift */,
			);
			productName = "Inventory-SwiftUI";
			productReference = 8BD9C0A028D70A2E0029EED1 /* Inventory-SwiftUI.app */;
			productType = "com.apple.product-type.application";
		};
/* End PBXNativeTarget section */

/* Begin PBXProject section */
		8BD9C09828D70A2E0029EED1 /* Project object */ = {
			isa = PBXProject;
			attributes = {
				BuildIndependentTargetsInParallel = 1;
				LastSwiftUpdateCheck = 1400;
				LastUpgradeCheck = 1400;
				TargetAttributes = {
					8BD9C09F28D70A2E0029EED1 = {
						CreatedOnToolsVersion = 14.0;
					};
				};
			};
			buildConfigurationList = 8BD9C09B28D70A2E0029EED1 /* Build configuration list for PBXProject "Inventory-SwiftUI" */;
			compatibilityVersion = "Xcode 14.0";
			developmentRegion = en;
			hasScannedForEncodings = 0;
			knownRegions = (
				en,
				Base,
			);
			mainGroup = 8BD9C09728D70A2E0029EED1;
			packageReferences = (
				8BD9C0B328D71B8C0029EED1 /* XCRemoteSwiftPackageReference "firebase-ios-sdk" */,
			);
			productRefGroup = 8BD9C0A128D70A2E0029EED1 /* Products */;
			projectDirPath = "";
			projectRoot = "";
			targets = (
				8BD9C09F28D70A2E0029EED1 /* Inventory-SwiftUI */,
			);
		};
/* End PBXProject section */

/* Begin PBXResourcesBuildPhase section */
		8BD9C09E28D70A2E0029EED1 /* Resources */ = {
			isa = PBXResourcesBuildPhase;
			buildActionMask = 2147483647;
			files = (
				8BD9C0AB28D70A360029EED1 /* Preview Assets.xcassets in Resources */,
				8BD9C0A828D70A360029EED1 /* Assets.xcassets in Resources */,
				8BD9C0B228D719960029EED1 /* GoogleService-Info.plist in Resources */,
			);
			runOnlyForDeploymentPostprocessing = 0;
		};
/* End PBXResourcesBuildPhase section */

/* Begin PBXSourcesBuildPhase section */
		8BD9C09C28D70A2E0029EED1 /* Sources */ = {
			isa = PBXSourcesBuildPhase;
			buildActionMask = 2147483647;
			files = (
				8BD9C0BC28D734030029EED1 /* InventoryItem.swift in Sources */,
				8B9CC88728D7510E00008792 /* InventoryListViewModel.swift in Sources */,
				8BD9C0A628D70A2E0029EED1 /* ContentView.swift in Sources */,
				8B9CC88928D7512600008792 /* SortType.swift in Sources */,
				8BD9C0A428D70A2E0029EED1 /* Inventory_SwiftUIApp.swift in Sources */,
			);
			runOnlyForDeploymentPostprocessing = 0;
		};
/* End PBXSourcesBuildPhase section */

/* Begin XCBuildConfiguration section */
		8BD9C0AC28D70A360029EED1 /* Debug */ = {
			isa = XCBuildConfiguration;
			buildSettings = {
				ALWAYS_SEARCH_USER_PATHS = NO;
				CLANG_ANALYZER_NONNULL = YES;
				CLANG_ANALYZER_NUMBER_OBJECT_CONVERSION = YES_AGGRESSIVE;
				CLANG_CXX_LANGUAGE_STANDARD = "gnu++20";
				CLANG_ENABLE_MODULES = YES;
				CLANG_ENABLE_OBJC_ARC = YES;
				CLANG_ENABLE_OBJC_WEAK = YES;
				CLANG_WARN_BLOCK_CAPTURE_AUTORELEASING = YES;
				CLANG_WARN_BOOL_CONVERSION = YES;
				CLANG_WARN_COMMA = YES;
				CLANG_WARN_CONSTANT_CONVERSION = YES;
				CLANG_WARN_DEPRECATED_OBJC_IMPLEMENTATIONS = YES;
				CLANG_WARN_DIRECT_OBJC_ISA_USAGE = YES_ERROR;
				CLANG_WARN_DOCUMENTATION_COMMENTS = YES;
				CLANG_WARN_EMPTY_BODY = YES;
				CLANG_WARN_ENUM_CONVERSION = YES;
				CLANG_WARN_INFINITE_RECURSION = YES;
				CLANG_WARN_INT_CONVERSION = YES;
				CLANG_WARN_NON_LITERAL_NULL_CONVERSION = YES;
				CLANG_WARN_OBJC_IMPLICIT_RETAIN_SELF = YES;
				CLANG_WARN_OBJC_LITERAL_CONVERSION = YES;
				CLANG_WARN_OBJC_ROOT_CLASS = YES_ERROR;
				CLANG_WARN_QUOTED_INCLUDE_IN_FRAMEWORK_HEADER = YES;
				CLANG_WARN_RANGE_LOOP_ANALYSIS = YES;
				CLANG_WARN_STRICT_PROTOTYPES = YES;
				CLANG_WARN_SUSPICIOUS_MOVE = YES;
				CLANG_WARN_UNGUARDED_AVAILABILITY = YES_AGGRESSIVE;
				CLANG_WARN_UNREACHABLE_CODE = YES;
				CLANG_WARN__DUPLICATE_METHOD_MATCH = YES;
				COPY_PHASE_STRIP = NO;
				DEBUG_INFORMATION_FORMAT = dwarf;
				ENABLE_STRICT_OBJC_MSGSEND = YES;
				ENABLE_TESTABILITY = YES;
				GCC_C_LANGUAGE_STANDARD = gnu11;
				GCC_DYNAMIC_NO_PIC = NO;
				GCC_NO_COMMON_BLOCKS = YES;
				GCC_OPTIMIZATION_LEVEL = 0;
				GCC_PREPROCESSOR_DEFINITIONS = (
					"DEBUG=1",
					"$(inherited)",
				);
				GCC_WARN_64_TO_32_BIT_CONVERSION = YES;
				GCC_WARN_ABOUT_RETURN_TYPE = YES_ERROR;
				GCC_WARN_UNDECLARED_SELECTOR = YES;
				GCC_WARN_UNINITIALIZED_AUTOS = YES_AGGRESSIVE;
				GCC_WARN_UNUSED_FUNCTION = YES;
				GCC_WARN_UNUSED_VARIABLE = YES;
				IPHONEOS_DEPLOYMENT_TARGET = 16.0;
				MTL_ENABLE_DEBUG_INFO = INCLUDE_SOURCE;
				MTL_FAST_MATH = YES;
				ONLY_ACTIVE_ARCH = YES;
				SDKROOT = iphoneos;
				SWIFT_ACTIVE_COMPILATION_CONDITIONS = DEBUG;
				SWIFT_OPTIMIZATION_LEVEL = "-Onone";
			};
			name = Debug;
		};
		8BD9C0AD28D70A360029EED1 /* Release */ = {
			isa = XCBuildConfiguration;
			buildSettings = {
				ALWAYS_SEARCH_USER_PATHS = NO;
				CLANG_ANALYZER_NONNULL = YES;
				CLANG_ANALYZER_NUMBER_OBJECT_CONVERSION = YES_AGGRESSIVE;
				CLANG_CXX_LANGUAGE_STANDARD = "gnu++20";
				CLANG_ENABLE_MODULES = YES;
				CLANG_ENABLE_OBJC_ARC = YES;
				CLANG_ENABLE_OBJC_WEAK = YES;
				CLANG_WARN_BLOCK_CAPTURE_AUTORELEASING = YES;
				CLANG_WARN_BOOL_CONVERSION = YES;
				CLANG_WARN_COMMA = YES;
				CLANG_WARN_CONSTANT_CONVERSION = YES;
				CLANG_WARN_DEPRECATED_OBJC_IMPLEMENTATIONS = YES;
				CLANG_WARN_DIRECT_OBJC_ISA_USAGE = YES_ERROR;
				CLANG_WARN_DOCUMENTATION_COMMENTS = YES;
				CLANG_WARN_EMPTY_BODY = YES;
				CLANG_WARN_ENUM_CONVERSION = YES;
				CLANG_WARN_INFINITE_RECURSION = YES;
				CLANG_WARN_INT_CONVERSION = YES;
				CLANG_WARN_NON_LITERAL_NULL_CONVERSION = YES;
				CLANG_WARN_OBJC_IMPLICIT_RETAIN_SELF = YES;
				CLANG_WARN_OBJC_LITERAL_CONVERSION = YES;
				CLANG_WARN_OBJC_ROOT_CLASS = YES_ERROR;
				CLANG_WARN_QUOTED_INCLUDE_IN_FRAMEWORK_HEADER = YES;
				CLANG_WARN_RANGE_LOOP_ANALYSIS = YES;
				CLANG_WARN_STRICT_PROTOTYPES = YES;
				CLANG_WARN_SUSPICIOUS_MOVE = YES;
				CLANG_WARN_UNGUARDED_AVAILABILITY = YES_AGGRESSIVE;
				CLANG_WARN_UNREACHABLE_CODE = YES;
				CLANG_WARN__DUPLICATE_METHOD_MATCH = YES;
				COPY_PHASE_STRIP = NO;
				DEBUG_INFORMATION_FORMAT = "dwarf-with-dsym";
				ENABLE_NS_ASSERTIONS = NO;
				ENABLE_STRICT_OBJC_MSGSEND = YES;
				GCC_C_LANGUAGE_STANDARD = gnu11;
				GCC_NO_COMMON_BLOCKS = YES;
				GCC_WARN_64_TO_32_BIT_CONVERSION = YES;
				GCC_WARN_ABOUT_RETURN_TYPE = YES_ERROR;
				GCC_WARN_UNDECLARED_SELECTOR = YES;
				GCC_WARN_UNINITIALIZED_AUTOS = YES_AGGRESSIVE;
				GCC_WARN_UNUSED_FUNCTION = YES;
				GCC_WARN_UNUSED_VARIABLE = YES;
				IPHONEOS_DEPLOYMENT_TARGET = 16.0;
				MTL_ENABLE_DEBUG_INFO = NO;
				MTL_FAST_MATH = YES;
				SDKROOT = iphoneos;
				SWIFT_COMPILATION_MODE = wholemodule;
				SWIFT_OPTIMIZATION_LEVEL = "-O";
				VALIDATE_PRODUCT = YES;
			};
			name = Release;
		};
		8BD9C0AF28D70A360029EED1 /* Debug */ = {
			isa = XCBuildConfiguration;
			buildSettings = {
				ASSETCATALOG_COMPILER_APPICON_NAME = AppIcon;
				ASSETCATALOG_COMPILER_GLOBAL_ACCENT_COLOR_NAME = AccentColor;
				CODE_SIGN_STYLE = Automatic;
				CURRENT_PROJECT_VERSION = 1;
				DEVELOPMENT_ASSET_PATHS = "\"Inventory-SwiftUI/Preview Content\"";
				DEVELOPMENT_TEAM = 73DJK9R2PB;
				ENABLE_PREVIEWS = YES;
				GENERATE_INFOPLIST_FILE = YES;
				INFOPLIST_FILE = "Inventory-SwiftUI/Info.plist";
				INFOPLIST_KEY_UIApplicationSceneManifest_Generation = YES;
				INFOPLIST_KEY_UIApplicationSupportsIndirectInputEvents = YES;
				INFOPLIST_KEY_UILaunchScreen_Generation = YES;
				INFOPLIST_KEY_UISupportedInterfaceOrientations_iPad = "UIInterfaceOrientationPortrait UIInterfaceOrientationPortraitUpsideDown UIInterfaceOrientationLandscapeLeft UIInterfaceOrientationLandscapeRight";
				INFOPLIST_KEY_UISupportedInterfaceOrientations_iPhone = "UIInterfaceOrientationPortrait UIInterfaceOrientationLandscapeLeft UIInterfaceOrientationLandscapeRight";
				LD_RUNPATH_SEARCH_PATHS = (
					"$(inherited)",
					"@executable_path/Frameworks",
				);
				MARKETING_VERSION = 1.0;
				PRODUCT_BUNDLE_IDENTIFIER = "saraslife.Inventory-SwiftUI";
				PRODUCT_NAME = "$(TARGET_NAME)";
				SWIFT_EMIT_LOC_STRINGS = YES;
				SWIFT_VERSION = 5.0;
				TARGETED_DEVICE_FAMILY = "1,2";
			};
			name = Debug;
		};
		8BD9C0B028D70A360029EED1 /* Release */ = {
			isa = XCBuildConfiguration;
			buildSettings = {
				ASSETCATALOG_COMPILER_APPICON_NAME = AppIcon;
				ASSETCATALOG_COMPILER_GLOBAL_ACCENT_COLOR_NAME = AccentColor;
				CODE_SIGN_STYLE = Automatic;
				CURRENT_PROJECT_VERSION = 1;
				DEVELOPMENT_ASSET_PATHS = "\"Inventory-SwiftUI/Preview Content\"";
				DEVELOPMENT_TEAM = 73DJK9R2PB;
				ENABLE_PREVIEWS = YES;
				GENERATE_INFOPLIST_FILE = YES;
				INFOPLIST_FILE = "Inventory-SwiftUI/Info.plist";
				INFOPLIST_KEY_UIApplicationSceneManifest_Generation = YES;
				INFOPLIST_KEY_UIApplicationSupportsIndirectInputEvents = YES;
				INFOPLIST_KEY_UILaunchScreen_Generation = YES;
				INFOPLIST_KEY_UISupportedInterfaceOrientations_iPad = "UIInterfaceOrientationPortrait UIInterfaceOrientationPortraitUpsideDown UIInterfaceOrientationLandscapeLeft UIInterfaceOrientationLandscapeRight";
				INFOPLIST_KEY_UISupportedInterfaceOrientations_iPhone = "UIInterfaceOrientationPortrait UIInterfaceOrientationLandscapeLeft UIInterfaceOrientationLandscapeRight";
				LD_RUNPATH_SEARCH_PATHS = (
					"$(inherited)",
					"@executable_path/Frameworks",
				);
				MARKETING_VERSION = 1.0;
				PRODUCT_BUNDLE_IDENTIFIER = "saraslife.Inventory-SwiftUI";
				PRODUCT_NAME = "$(TARGET_NAME)";
				SWIFT_EMIT_LOC_STRINGS = YES;
				SWIFT_VERSION = 5.0;
				TARGETED_DEVICE_FAMILY = "1,2";
			};
			name = Release;
		};
/* End XCBuildConfiguration section */

/* Begin XCConfigurationList section */
		8BD9C09B28D70A2E0029EED1 /* Build configuration list for PBXProject "Inventory-SwiftUI" */ = {
			isa = XCConfigurationList;
			buildConfigurations = (
				8BD9C0AC28D70A360029EED1 /* Debug */,
				8BD9C0AD28D70A360029EED1 /* Release */,
			);
			defaultConfigurationIsVisible = 0;
			defaultConfigurationName = Release;
		};
		8BD9C0AE28D70A360029EED1 /* Build configuration list for PBXNativeTarget "Inventory-SwiftUI" */ = {
			isa = XCConfigurationList;
			buildConfigurations = (
				8BD9C0AF28D70A360029EED1 /* Debug */,
				8BD9C0B028D70A360029EED1 /* Release */,
			);
			defaultConfigurationIsVisible = 0;
			defaultConfigurationName = Release;
		};
/* End XCConfigurationList section */

/* Begin XCRemoteSwiftPackageReference section */
		8BD9C0B328D71B8C0029EED1 /* XCRemoteSwiftPackageReference "firebase-ios-sdk" */ = {
			isa = XCRemoteSwiftPackageReference;
			repositoryURL = "https://github.com/firebase/firebase-ios-sdk";
			requirement = {
				branch = master;
				kind = branch;
			};
		};
/* End XCRemoteSwiftPackageReference section */

/* Begin XCSwiftPackageProductDependency section */
		8BD9C0B428D71B8C0029EED1 /* FirebaseFirestore */ = {
			isa = XCSwiftPackageProductDependency;
			package = 8BD9C0B328D71B8C0029EED1 /* XCRemoteSwiftPackageReference "firebase-ios-sdk" */;
			productName = FirebaseFirestore;
		};
		8BD9C0B628D71B8C0029EED1 /* FirebaseFirestoreSwift */ = {
			isa = XCSwiftPackageProductDependency;
			package = 8BD9C0B328D71B8C0029EED1 /* XCRemoteSwiftPackageReference "firebase-ios-sdk" */;
			productName = FirebaseFirestoreSwift;
		};
/* End XCSwiftPackageProductDependency section */
	};
	rootObject = 8BD9C09828D70A2E0029EED1 /* Project object */;
}
